<?xml version="1.0" encoding="UTF-8"?>
<!DOCTYPE plist PUBLIC "-//Apple//DTD PLIST 1.0//EN" "http://www.apple.com/DTDs/PropertyList-1.0.dtd">
<plist version="1.0">
<dict>
	<key>archiveVersion</key>
	<string>1</string>
	<key>classes</key>
	<dict/>
	<key>objectVersion</key>
	<string>46</string>
	<key>objects</key>
	<dict>
		<key>13BD0572C606415381A29570</key>
		<dict>
			<key>explicitFileType</key>
			<string>archive.ar</string>
			<key>includeInIndex</key>
			<string>0</string>
			<key>isa</key>
			<string>PBXFileReference</string>
			<key>path</key>
			<string>libPods-Unit Specs.a</string>
			<key>sourceTree</key>
			<string>BUILT_PRODUCTS_DIR</string>
		</dict>
		<key>314664514FC241DB83E308F5</key>
		<dict>
			<key>explicitFileType</key>
			<string>archive.ar</string>
			<key>includeInIndex</key>
			<string>0</string>
			<key>isa</key>
			<string>PBXFileReference</string>
			<key>name</key>
			<string>libPods-Functional Specs.a</string>
			<key>path</key>
			<string>libPods-Functional Specs.a</string>
			<key>sourceTree</key>
			<string>BUILT_PRODUCTS_DIR</string>
		</dict>
		<key>3953ABF134224B0390AF39CC</key>
		<dict>
			<key>includeInIndex</key>
			<string>1</string>
			<key>isa</key>
			<string>PBXFileReference</string>
			<key>lastKnownFileType</key>
			<string>text.xcconfig</string>
			<key>name</key>
			<string>Pods-Functional Specs.xcconfig</string>
			<key>path</key>
			<string>Pods/Pods-Functional Specs.xcconfig</string>
			<key>sourceTree</key>
			<string>SOURCE_ROOT</string>
		</dict>
		<key>7B5BE43383CE4E04B8BC7576</key>
		<dict>
			<key>buildActionMask</key>
			<string>2147483647</string>
			<key>files</key>
			<array/>
			<key>inputPaths</key>
			<array/>
			<key>isa</key>
			<string>PBXShellScriptBuildPhase</string>
			<key>name</key>
			<string>Copy Pods Resources</string>
			<key>outputPaths</key>
			<array/>
			<key>runOnlyForDeploymentPostprocessing</key>
			<string>0</string>
			<key>shellPath</key>
			<string>/bin/sh</string>
			<key>shellScript</key>
			<string>"${SRCROOT}/Pods/Pods-Functional Specs-resources.sh"
</string>
			<key>showEnvVarsInLog</key>
			<string>1</string>
		</dict>
		<key>7FE1FEAE0C44497E8EEB7979</key>
		<dict>
			<key>includeInIndex</key>
			<string>1</string>
			<key>isa</key>
			<string>PBXFileReference</string>
			<key>lastKnownFileType</key>
			<string>text.xcconfig</string>
			<key>name</key>
			<string>Pods-Unit Specs.xcconfig</string>
			<key>path</key>
			<string>Pods/Pods-Unit Specs.xcconfig</string>
			<key>sourceTree</key>
			<string>SOURCE_ROOT</string>
		</dict>
		<key>945B955916D0F543005DD328</key>
		<dict>
			<key>children</key>
			<array>
				<string>945B956716D0F543005DD328</string>
				<string>945B95BF16D16E1A005DD328</string>
				<string>945B95E116D16E99005DD328</string>
				<string>945B956416D0F543005DD328</string>
				<string>945B956316D0F543005DD328</string>
				<string>7FE1FEAE0C44497E8EEB7979</string>
				<string>3953ABF134224B0390AF39CC</string>
			</array>
			<key>isa</key>
			<string>PBXGroup</string>
			<key>sourceTree</key>
			<string>&lt;group&gt;</string>
		</dict>
		<key>945B955A16D0F543005DD328</key>
		<dict>
			<key>attributes</key>
			<dict>
				<key>LastUpgradeCheck</key>
				<string>0460</string>
				<key>ORGANIZATIONNAME</key>
				<string>Ryan Davies</string>
			</dict>
			<key>buildConfigurationList</key>
			<string>945B955D16D0F543005DD328</string>
			<key>compatibilityVersion</key>
			<string>Xcode 3.2</string>
			<key>developmentRegion</key>
			<string>English</string>
			<key>hasScannedForEncodings</key>
			<string>0</string>
			<key>isa</key>
			<string>PBXProject</string>
			<key>knownRegions</key>
			<array>
				<string>en</string>
			</array>
			<key>mainGroup</key>
			<string>945B955916D0F543005DD328</string>
			<key>productRefGroup</key>
			<string>945B956316D0F543005DD328</string>
			<key>projectDirPath</key>
			<string></string>
			<key>projectReferences</key>
			<array/>
			<key>projectRoot</key>
			<string></string>
			<key>targets</key>
			<array>
				<string>945B956116D0F543005DD328</string>
				<string>945B957216D0F543005DD328</string>
				<string>945B95CC16D16E69005DD328</string>
			</array>
		</dict>
		<key>945B955D16D0F543005DD328</key>
		<dict>
			<key>buildConfigurations</key>
			<array>
				<string>945B958516D0F543005DD328</string>
				<string>945B958616D0F543005DD328</string>
			</array>
			<key>defaultConfigurationIsVisible</key>
			<string>0</string>
			<key>defaultConfigurationName</key>
			<string>Release</string>
			<key>isa</key>
			<string>XCConfigurationList</string>
		</dict>
		<key>945B955E16D0F543005DD328</key>
		<dict>
			<key>buildActionMask</key>
			<string>2147483647</string>
			<key>files</key>
			<array>
				<string>945B959916D118FF005DD328</string>
				<string>945B959E16D127DB005DD328</string>
				<string>945B95A216D1284E005DD328</string>
				<string>945B95AA16D1318E005DD328</string>
				<string>945B95B116D16548005DD328</string>
			</array>
			<key>isa</key>
			<string>PBXSourcesBuildPhase</string>
			<key>runOnlyForDeploymentPostprocessing</key>
			<string>0</string>
		</dict>
		<key>945B955F16D0F543005DD328</key>
		<dict>
			<key>buildActionMask</key>
			<string>2147483647</string>
			<key>files</key>
			<array>
				<string>945B956616D0F543005DD328</string>
			</array>
			<key>isa</key>
			<string>PBXFrameworksBuildPhase</string>
			<key>runOnlyForDeploymentPostprocessing</key>
			<string>0</string>
		</dict>
		<key>945B956016D0F543005DD328</key>
		<dict>
			<key>buildActionMask</key>
			<string>2147483647</string>
			<key>dstPath</key>
			<string>include/${PRODUCT_NAME}</string>
			<key>dstSubfolderSpec</key>
			<string>16</string>
			<key>files</key>
			<array>
				<string>945B956B16D0F543005DD328</string>
			</array>
			<key>isa</key>
			<string>PBXCopyFilesBuildPhase</string>
			<key>runOnlyForDeploymentPostprocessing</key>
			<string>0</string>
		</dict>
		<key>945B956116D0F543005DD328</key>
		<dict>
			<key>buildConfigurationList</key>
			<string>945B958716D0F543005DD328</string>
			<key>buildPhases</key>
			<array>
				<string>945B955E16D0F543005DD328</string>
				<string>945B955F16D0F543005DD328</string>
				<string>945B956016D0F543005DD328</string>
			</array>
			<key>buildRules</key>
			<array/>
			<key>dependencies</key>
			<array/>
			<key>isa</key>
			<string>PBXNativeTarget</string>
			<key>name</key>
			<string>Bindings</string>
			<key>productName</key>
			<string>Bindings</string>
			<key>productReference</key>
			<string>945B956216D0F543005DD328</string>
			<key>productType</key>
			<string>com.apple.product-type.library.static</string>
		</dict>
		<key>945B956216D0F543005DD328</key>
		<dict>
			<key>explicitFileType</key>
			<string>archive.ar</string>
			<key>includeInIndex</key>
			<string>0</string>
			<key>isa</key>
			<string>PBXFileReference</string>
			<key>path</key>
			<string>libBindings.a</string>
			<key>sourceTree</key>
			<string>BUILT_PRODUCTS_DIR</string>
		</dict>
		<key>945B956316D0F543005DD328</key>
		<dict>
			<key>children</key>
			<array>
				<string>945B956216D0F543005DD328</string>
				<string>945B957316D0F543005DD328</string>
				<string>945B95DF16D16E69005DD328</string>
			</array>
			<key>isa</key>
			<string>PBXGroup</string>
			<key>name</key>
			<string>Products</string>
			<key>sourceTree</key>
			<string>&lt;group&gt;</string>
		</dict>
		<key>945B956416D0F543005DD328</key>
		<dict>
			<key>children</key>
			<array>
				<string>945B956516D0F543005DD328</string>
				<string>945B957416D0F543005DD328</string>
				<string>13BD0572C606415381A29570</string>
				<string>314664514FC241DB83E308F5</string>
			</array>
			<key>isa</key>
			<string>PBXGroup</string>
			<key>name</key>
			<string>Frameworks</string>
			<key>sourceTree</key>
			<string>&lt;group&gt;</string>
		</dict>
		<key>945B956516D0F543005DD328</key>
		<dict>
			<key>isa</key>
			<string>PBXFileReference</string>
			<key>lastKnownFileType</key>
			<string>wrapper.framework</string>
			<key>name</key>
			<string>Foundation.framework</string>
			<key>path</key>
			<string>System/Library/Frameworks/Foundation.framework</string>
			<key>sourceTree</key>
			<string>SDKROOT</string>
		</dict>
		<key>945B956616D0F543005DD328</key>
		<dict>
			<key>fileRef</key>
			<string>945B956516D0F543005DD328</string>
			<key>isa</key>
			<string>PBXBuildFile</string>
		</dict>
		<key>945B956716D0F543005DD328</key>
		<dict>
			<key>children</key>
			<array>
				<string>945B956A16D0F543005DD328</string>
				<string>945B95AF16D16548005DD328</string>
				<string>945B95B016D16548005DD328</string>
				<string>945B959716D118FF005DD328</string>
				<string>945B959816D118FF005DD328</string>
				<string>945B959F16D127ED005DD328</string>
				<string>945B959C16D127DB005DD328</string>
				<string>945B959D16D127DB005DD328</string>
				<string>945B95A816D1318E005DD328</string>
				<string>945B95A916D1318E005DD328</string>
				<string>945B95A016D1284E005DD328</string>
				<string>945B95A116D1284E005DD328</string>
			</array>
			<key>isa</key>
			<string>PBXGroup</string>
			<key>path</key>
			<string>Bindings</string>
			<key>sourceTree</key>
			<string>&lt;group&gt;</string>
		</dict>
		<key>945B956A16D0F543005DD328</key>
		<dict>
			<key>isa</key>
			<string>PBXFileReference</string>
			<key>lastKnownFileType</key>
			<string>sourcecode.c.h</string>
			<key>path</key>
			<string>Bindings.h</string>
			<key>sourceTree</key>
			<string>&lt;group&gt;</string>
		</dict>
		<key>945B956B16D0F543005DD328</key>
		<dict>
			<key>fileRef</key>
			<string>945B956A16D0F543005DD328</string>
			<key>isa</key>
			<string>PBXBuildFile</string>
		</dict>
		<key>945B956E16D0F543005DD328</key>
		<dict>
			<key>buildActionMask</key>
			<string>2147483647</string>
			<key>files</key>
			<array>
				<string>945B95C616D16E1A005DD328</string>
				<string>945B95C716D16E1A005DD328</string>
				<string>945B95C816D16E1A005DD328</string>
				<string>945B95C916D16E1A005DD328</string>
			</array>
			<key>isa</key>
			<string>PBXSourcesBuildPhase</string>
			<key>runOnlyForDeploymentPostprocessing</key>
			<string>0</string>
		</dict>
		<key>945B956F16D0F543005DD328</key>
		<dict>
			<key>buildActionMask</key>
			<string>2147483647</string>
			<key>files</key>
			<array>
				<string>945B957516D0F543005DD328</string>
				<string>945B957816D0F543005DD328</string>
				<string>945B957B16D0F543005DD328</string>
				<string>E34548DA5F2E4A179EC2AED8</string>
			</array>
			<key>isa</key>
			<string>PBXFrameworksBuildPhase</string>
			<key>runOnlyForDeploymentPostprocessing</key>
			<string>0</string>
		</dict>
		<key>945B957016D0F543005DD328</key>
		<dict>
			<key>buildActionMask</key>
			<string>2147483647</string>
			<key>files</key>
			<array/>
			<key>isa</key>
			<string>PBXResourcesBuildPhase</string>
			<key>runOnlyForDeploymentPostprocessing</key>
			<string>0</string>
		</dict>
		<key>945B957116D0F543005DD328</key>
		<dict>
			<key>buildActionMask</key>
			<string>2147483647</string>
			<key>files</key>
			<array/>
			<key>inputPaths</key>
			<array/>
			<key>isa</key>
			<string>PBXShellScriptBuildPhase</string>
			<key>outputPaths</key>
			<array/>
			<key>runOnlyForDeploymentPostprocessing</key>
			<string>0</string>
			<key>shellPath</key>
			<string>/bin/sh</string>
			<key>shellScript</key>
			<string># Run the unit tests in this test bundle.
"${SYSTEM_DEVELOPER_DIR}/Tools/RunUnitTests"
</string>
		</dict>
		<key>945B957216D0F543005DD328</key>
		<dict>
			<key>buildConfigurationList</key>
			<string>945B958A16D0F543005DD328</string>
			<key>buildPhases</key>
			<array>
				<string>945B956E16D0F543005DD328</string>
				<string>945B956F16D0F543005DD328</string>
				<string>945B957016D0F543005DD328</string>
				<string>945B957116D0F543005DD328</string>
				<string>FCCB3F619DC84DA8B74BDCE0</string>
			</array>
			<key>buildRules</key>
			<array/>
			<key>dependencies</key>
			<array>
				<string>945B957A16D0F543005DD328</string>
			</array>
			<key>isa</key>
			<string>PBXNativeTarget</string>
			<key>name</key>
			<string>Unit Specs</string>
			<key>productName</key>
			<string>BindingsTests</string>
			<key>productReference</key>
			<string>945B957316D0F543005DD328</string>
			<key>productType</key>
			<string>com.apple.product-type.bundle</string>
		</dict>
		<key>945B957316D0F543005DD328</key>
		<dict>
			<key>explicitFileType</key>
			<string>wrapper.cfbundle</string>
			<key>includeInIndex</key>
			<string>0</string>
			<key>isa</key>
			<string>PBXFileReference</string>
			<key>path</key>
			<string>Unit Specs.octest</string>
			<key>sourceTree</key>
			<string>BUILT_PRODUCTS_DIR</string>
		</dict>
		<key>945B957416D0F543005DD328</key>
		<dict>
			<key>isa</key>
			<string>PBXFileReference</string>
			<key>lastKnownFileType</key>
			<string>wrapper.framework</string>
			<key>name</key>
			<string>SenTestingKit.framework</string>
			<key>path</key>
			<string>Library/Frameworks/SenTestingKit.framework</string>
			<key>sourceTree</key>
			<string>DEVELOPER_DIR</string>
		</dict>
		<key>945B957516D0F543005DD328</key>
		<dict>
			<key>fileRef</key>
			<string>945B957416D0F543005DD328</string>
			<key>isa</key>
			<string>PBXBuildFile</string>
		</dict>
		<key>945B957816D0F543005DD328</key>
		<dict>
			<key>fileRef</key>
			<string>945B956516D0F543005DD328</string>
			<key>isa</key>
			<string>PBXBuildFile</string>
		</dict>
		<key>945B957916D0F543005DD328</key>
		<dict>
			<key>containerPortal</key>
			<string>945B955A16D0F543005DD328</string>
			<key>isa</key>
			<string>PBXContainerItemProxy</string>
			<key>proxyType</key>
			<string>1</string>
			<key>remoteGlobalIDString</key>
			<string>945B956116D0F543005DD328</string>
			<key>remoteInfo</key>
			<string>Bindings</string>
		</dict>
		<key>945B957A16D0F543005DD328</key>
		<dict>
			<key>isa</key>
			<string>PBXTargetDependency</string>
			<key>target</key>
			<string>945B956116D0F543005DD328</string>
			<key>targetProxy</key>
			<string>945B957916D0F543005DD328</string>
		</dict>
		<key>945B957B16D0F543005DD328</key>
		<dict>
			<key>fileRef</key>
			<string>945B956216D0F543005DD328</string>
			<key>isa</key>
			<string>PBXBuildFile</string>
		</dict>
		<key>945B958516D0F543005DD328</key>
		<dict>
			<key>buildSettings</key>
			<dict>
				<key>ALWAYS_SEARCH_USER_PATHS</key>
				<string>NO</string>
				<key>CLANG_CXX_LANGUAGE_STANDARD</key>
				<string>gnu++0x</string>
				<key>CLANG_CXX_LIBRARY</key>
				<string>libc++</string>
				<key>CLANG_ENABLE_OBJC_ARC</key>
				<string>YES</string>
				<key>CLANG_WARN_CONSTANT_CONVERSION</key>
				<string>YES</string>
				<key>CLANG_WARN_EMPTY_BODY</key>
				<string>YES</string>
				<key>CLANG_WARN_ENUM_CONVERSION</key>
				<string>YES</string>
				<key>CLANG_WARN_INT_CONVERSION</key>
				<string>YES</string>
				<key>CLANG_WARN__DUPLICATE_METHOD_MATCH</key>
				<string>YES</string>
				<key>COPY_PHASE_STRIP</key>
				<string>NO</string>
				<key>GCC_C_LANGUAGE_STANDARD</key>
				<string>gnu99</string>
				<key>GCC_DYNAMIC_NO_PIC</key>
				<string>NO</string>
				<key>GCC_OPTIMIZATION_LEVEL</key>
				<string>0</string>
				<key>GCC_PREPROCESSOR_DEFINITIONS</key>
				<array>
					<string>DEBUG=1</string>
					<string>$(inherited)</string>
				</array>
				<key>GCC_SYMBOLS_PRIVATE_EXTERN</key>
				<string>NO</string>
				<key>GCC_WARN_ABOUT_RETURN_TYPE</key>
				<string>YES</string>
				<key>GCC_WARN_UNINITIALIZED_AUTOS</key>
				<string>YES</string>
				<key>GCC_WARN_UNUSED_VARIABLE</key>
				<string>YES</string>
				<key>IPHONEOS_DEPLOYMENT_TARGET</key>
				<string>6.1</string>
				<key>ONLY_ACTIVE_ARCH</key>
				<string>YES</string>
				<key>SDKROOT</key>
				<string>iphoneos</string>
			</dict>
			<key>isa</key>
			<string>XCBuildConfiguration</string>
			<key>name</key>
			<string>Debug</string>
		</dict>
		<key>945B958616D0F543005DD328</key>
		<dict>
			<key>buildSettings</key>
			<dict>
				<key>ALWAYS_SEARCH_USER_PATHS</key>
				<string>NO</string>
				<key>CLANG_CXX_LANGUAGE_STANDARD</key>
				<string>gnu++0x</string>
				<key>CLANG_CXX_LIBRARY</key>
				<string>libc++</string>
				<key>CLANG_ENABLE_OBJC_ARC</key>
				<string>YES</string>
				<key>CLANG_WARN_CONSTANT_CONVERSION</key>
				<string>YES</string>
				<key>CLANG_WARN_EMPTY_BODY</key>
				<string>YES</string>
				<key>CLANG_WARN_ENUM_CONVERSION</key>
				<string>YES</string>
				<key>CLANG_WARN_INT_CONVERSION</key>
				<string>YES</string>
				<key>CLANG_WARN__DUPLICATE_METHOD_MATCH</key>
				<string>YES</string>
				<key>COPY_PHASE_STRIP</key>
				<string>YES</string>
				<key>GCC_C_LANGUAGE_STANDARD</key>
				<string>gnu99</string>
				<key>GCC_WARN_ABOUT_RETURN_TYPE</key>
				<string>YES</string>
				<key>GCC_WARN_UNINITIALIZED_AUTOS</key>
				<string>YES</string>
				<key>GCC_WARN_UNUSED_VARIABLE</key>
				<string>YES</string>
				<key>IPHONEOS_DEPLOYMENT_TARGET</key>
				<string>6.1</string>
				<key>SDKROOT</key>
				<string>iphoneos</string>
				<key>VALIDATE_PRODUCT</key>
				<string>YES</string>
			</dict>
			<key>isa</key>
			<string>XCBuildConfiguration</string>
			<key>name</key>
			<string>Release</string>
		</dict>
		<key>945B958716D0F543005DD328</key>
		<dict>
			<key>buildConfigurations</key>
			<array>
				<string>945B958816D0F543005DD328</string>
				<string>945B958916D0F543005DD328</string>
			</array>
			<key>defaultConfigurationIsVisible</key>
			<string>0</string>
			<key>defaultConfigurationName</key>
			<string>Release</string>
			<key>isa</key>
			<string>XCConfigurationList</string>
		</dict>
		<key>945B958816D0F543005DD328</key>
		<dict>
			<key>buildSettings</key>
			<dict>
				<key>DSTROOT</key>
				<string>/tmp/Bindings.dst</string>
				<key>OTHER_LDFLAGS</key>
				<string>-ObjC</string>
				<key>PRODUCT_NAME</key>
				<string>$(TARGET_NAME)</string>
				<key>SKIP_INSTALL</key>
				<string>YES</string>
			</dict>
			<key>isa</key>
			<string>XCBuildConfiguration</string>
			<key>name</key>
			<string>Debug</string>
		</dict>
		<key>945B958916D0F543005DD328</key>
		<dict>
			<key>buildSettings</key>
			<dict>
				<key>DSTROOT</key>
				<string>/tmp/Bindings.dst</string>
				<key>OTHER_LDFLAGS</key>
				<string>-ObjC</string>
				<key>PRODUCT_NAME</key>
				<string>$(TARGET_NAME)</string>
				<key>SKIP_INSTALL</key>
				<string>YES</string>
			</dict>
			<key>isa</key>
			<string>XCBuildConfiguration</string>
			<key>name</key>
			<string>Release</string>
		</dict>
		<key>945B958A16D0F543005DD328</key>
		<dict>
			<key>buildConfigurations</key>
			<array>
				<string>945B958B16D0F543005DD328</string>
				<string>945B958C16D0F543005DD328</string>
			</array>
			<key>defaultConfigurationIsVisible</key>
			<string>0</string>
			<key>defaultConfigurationName</key>
			<string>Release</string>
			<key>isa</key>
			<string>XCConfigurationList</string>
		</dict>
		<key>945B958B16D0F543005DD328</key>
		<dict>
			<key>baseConfigurationReference</key>
			<string>7FE1FEAE0C44497E8EEB7979</string>
			<key>buildSettings</key>
			<dict>
				<key>GCC_PRECOMPILE_PREFIX_HEADER</key>
				<string>YES</string>
				<key>GCC_PREFIX_HEADER</key>
				<string>Unit Specs/BNDSpecHelper.pch</string>
				<key>INFOPLIST_FILE</key>
				<string>Unit Specs/Unit Specs-Info.plist</string>
				<key>PRODUCT_NAME</key>
				<string>$(TARGET_NAME)</string>
				<key>WRAPPER_EXTENSION</key>
				<string>octest</string>
			</dict>
			<key>isa</key>
			<string>XCBuildConfiguration</string>
			<key>name</key>
			<string>Debug</string>
		</dict>
		<key>945B958C16D0F543005DD328</key>
		<dict>
			<key>baseConfigurationReference</key>
			<string>7FE1FEAE0C44497E8EEB7979</string>
			<key>buildSettings</key>
			<dict>
				<key>GCC_PRECOMPILE_PREFIX_HEADER</key>
				<string>YES</string>
				<key>GCC_PREFIX_HEADER</key>
				<string>Unit Specs/BNDSpecHelper.pch</string>
				<key>INFOPLIST_FILE</key>
				<string>Unit Specs/Unit Specs-Info.plist</string>
				<key>PRODUCT_NAME</key>
				<string>$(TARGET_NAME)</string>
				<key>WRAPPER_EXTENSION</key>
				<string>octest</string>
			</dict>
			<key>isa</key>
			<string>XCBuildConfiguration</string>
			<key>name</key>
			<string>Release</string>
		</dict>
		<key>945B959716D118FF005DD328</key>
		<dict>
			<key>fileEncoding</key>
			<string>4</string>
			<key>isa</key>
			<string>PBXFileReference</string>
			<key>lastKnownFileType</key>
			<string>sourcecode.c.h</string>
			<key>path</key>
			<string>BNDBinding.h</string>
			<key>sourceTree</key>
			<string>&lt;group&gt;</string>
		</dict>
		<key>945B959816D118FF005DD328</key>
		<dict>
			<key>fileEncoding</key>
			<string>4</string>
			<key>isa</key>
			<string>PBXFileReference</string>
			<key>lastKnownFileType</key>
			<string>sourcecode.c.objc</string>
			<key>path</key>
			<string>BNDBinding.m</string>
			<key>sourceTree</key>
			<string>&lt;group&gt;</string>
		</dict>
		<key>945B959916D118FF005DD328</key>
		<dict>
			<key>fileRef</key>
			<string>945B959816D118FF005DD328</string>
			<key>isa</key>
			<string>PBXBuildFile</string>
		</dict>
		<key>945B959C16D127DB005DD328</key>
		<dict>
			<key>fileEncoding</key>
			<string>4</string>
			<key>isa</key>
			<string>PBXFileReference</string>
			<key>lastKnownFileType</key>
			<string>sourcecode.c.h</string>
			<key>path</key>
			<string>BNDTrigger.h</string>
			<key>sourceTree</key>
			<string>&lt;group&gt;</string>
		</dict>
		<key>945B959D16D127DB005DD328</key>
		<dict>
			<key>fileEncoding</key>
			<string>4</string>
			<key>isa</key>
			<string>PBXFileReference</string>
			<key>lastKnownFileType</key>
			<string>sourcecode.c.objc</string>
			<key>path</key>
			<string>BNDTrigger.m</string>
			<key>sourceTree</key>
			<string>&lt;group&gt;</string>
		</dict>
		<key>945B959E16D127DB005DD328</key>
		<dict>
			<key>fileRef</key>
			<string>945B959D16D127DB005DD328</string>
			<key>isa</key>
			<string>PBXBuildFile</string>
		</dict>
		<key>945B959F16D127ED005DD328</key>
		<dict>
			<key>isa</key>
			<string>PBXFileReference</string>
			<key>lastKnownFileType</key>
			<string>sourcecode.c.h</string>
			<key>path</key>
			<string>BNDTriggerDelegate.h</string>
			<key>sourceTree</key>
			<string>&lt;group&gt;</string>
		</dict>
		<key>945B95A016D1284E005DD328</key>
		<dict>
			<key>fileEncoding</key>
			<string>4</string>
			<key>isa</key>
			<string>PBXFileReference</string>
			<key>lastKnownFileType</key>
			<string>sourcecode.c.h</string>
			<key>path</key>
			<string>BNDNotificationTrigger.h</string>
			<key>sourceTree</key>
			<string>&lt;group&gt;</string>
		</dict>
		<key>945B95A116D1284E005DD328</key>
		<dict>
			<key>fileEncoding</key>
			<string>4</string>
			<key>isa</key>
			<string>PBXFileReference</string>
			<key>lastKnownFileType</key>
			<string>sourcecode.c.objc</string>
			<key>path</key>
			<string>BNDNotificationTrigger.m</string>
			<key>sourceTree</key>
			<string>&lt;group&gt;</string>
		</dict>
		<key>945B95A216D1284E005DD328</key>
		<dict>
			<key>fileRef</key>
			<string>945B95A116D1284E005DD328</string>
			<key>isa</key>
			<string>PBXBuildFile</string>
		</dict>
		<key>945B95A816D1318E005DD328</key>
		<dict>
			<key>fileEncoding</key>
			<string>4</string>
			<key>isa</key>
			<string>PBXFileReference</string>
			<key>lastKnownFileType</key>
			<string>sourcecode.c.h</string>
			<key>path</key>
			<string>BNDKVOTrigger.h</string>
			<key>sourceTree</key>
			<string>&lt;group&gt;</string>
		</dict>
		<key>945B95A916D1318E005DD328</key>
		<dict>
			<key>fileEncoding</key>
			<string>4</string>
			<key>isa</key>
			<string>PBXFileReference</string>
			<key>lastKnownFileType</key>
			<string>sourcecode.c.objc</string>
			<key>path</key>
			<string>BNDKVOTrigger.m</string>
			<key>sourceTree</key>
			<string>&lt;group&gt;</string>
		</dict>
		<key>945B95AA16D1318E005DD328</key>
		<dict>
			<key>fileRef</key>
			<string>945B95A916D1318E005DD328</string>
			<key>isa</key>
			<string>PBXBuildFile</string>
		</dict>
		<key>945B95AF16D16548005DD328</key>
		<dict>
			<key>fileEncoding</key>
			<string>4</string>
			<key>isa</key>
			<string>PBXFileReference</string>
			<key>lastKnownFileType</key>
			<string>sourcecode.c.h</string>
			<key>path</key>
			<string>BNDBindings.h</string>
			<key>sourceTree</key>
			<string>&lt;group&gt;</string>
		</dict>
		<key>945B95B016D16548005DD328</key>
		<dict>
			<key>fileEncoding</key>
			<string>4</string>
			<key>isa</key>
			<string>PBXFileReference</string>
			<key>lastKnownFileType</key>
			<string>sourcecode.c.objc</string>
			<key>path</key>
			<string>BNDBindings.m</string>
			<key>sourceTree</key>
			<string>&lt;group&gt;</string>
		</dict>
		<key>945B95B116D16548005DD328</key>
		<dict>
			<key>fileRef</key>
			<string>945B95B016D16548005DD328</string>
			<key>isa</key>
			<string>PBXBuildFile</string>
		</dict>
		<key>945B95BF16D16E1A005DD328</key>
		<dict>
			<key>children</key>
			<array>
				<string>945B95C116D16E1A005DD328</string>
				<string>945B95C016D16E1A005DD328</string>
				<string>945B95C216D16E1A005DD328</string>
				<string>945B95C316D16E1A005DD328</string>
				<string>945B95CB16D16E24005DD328</string>
			</array>
			<key>isa</key>
			<string>PBXGroup</string>
			<key>path</key>
			<string>Unit Specs</string>
			<key>sourceTree</key>
			<string>&lt;group&gt;</string>
		</dict>
		<key>945B95C016D16E1A005DD328</key>
		<dict>
			<key>fileEncoding</key>
			<string>4</string>
			<key>isa</key>
			<string>PBXFileReference</string>
			<key>lastKnownFileType</key>
			<string>sourcecode.c.objc</string>
			<key>path</key>
			<string>BNDBindingSpec.m</string>
			<key>sourceTree</key>
			<string>&lt;group&gt;</string>
		</dict>
		<key>945B95C116D16E1A005DD328</key>
		<dict>
			<key>fileEncoding</key>
			<string>4</string>
			<key>isa</key>
			<string>PBXFileReference</string>
			<key>lastKnownFileType</key>
			<string>sourcecode.c.objc</string>
			<key>path</key>
			<string>BNDBindingsSpec.m</string>
			<key>sourceTree</key>
			<string>&lt;group&gt;</string>
		</dict>
		<key>945B95C216D16E1A005DD328</key>
		<dict>
			<key>fileEncoding</key>
			<string>4</string>
			<key>isa</key>
			<string>PBXFileReference</string>
			<key>lastKnownFileType</key>
			<string>sourcecode.c.objc</string>
			<key>path</key>
			<string>BNDKVOTriggerSpec.m</string>
			<key>sourceTree</key>
			<string>&lt;group&gt;</string>
		</dict>
		<key>945B95C316D16E1A005DD328</key>
		<dict>
			<key>fileEncoding</key>
			<string>4</string>
			<key>isa</key>
			<string>PBXFileReference</string>
			<key>lastKnownFileType</key>
			<string>sourcecode.c.objc</string>
			<key>path</key>
			<string>BNDNotificationTriggerSpec.m</string>
			<key>sourceTree</key>
			<string>&lt;group&gt;</string>
		</dict>
		<key>945B95C416D16E1A005DD328</key>
		<dict>
			<key>fileEncoding</key>
			<string>4</string>
			<key>isa</key>
			<string>PBXFileReference</string>
			<key>lastKnownFileType</key>
			<string>sourcecode.c.h</string>
			<key>path</key>
			<string>BNDSpecHelper.pch</string>
			<key>sourceTree</key>
			<string>&lt;group&gt;</string>
		</dict>
		<key>945B95C516D16E1A005DD328</key>
		<dict>
			<key>fileEncoding</key>
			<string>4</string>
			<key>isa</key>
			<string>PBXFileReference</string>
			<key>lastKnownFileType</key>
			<string>text.plist.xml</string>
			<key>path</key>
			<string>Unit Specs-Info.plist</string>
			<key>sourceTree</key>
			<string>&lt;group&gt;</string>
		</dict>
		<key>945B95C616D16E1A005DD328</key>
		<dict>
			<key>fileRef</key>
			<string>945B95C016D16E1A005DD328</string>
			<key>isa</key>
			<string>PBXBuildFile</string>
		</dict>
		<key>945B95C716D16E1A005DD328</key>
		<dict>
			<key>fileRef</key>
			<string>945B95C116D16E1A005DD328</string>
			<key>isa</key>
			<string>PBXBuildFile</string>
		</dict>
		<key>945B95C816D16E1A005DD328</key>
		<dict>
			<key>fileRef</key>
			<string>945B95C216D16E1A005DD328</string>
			<key>isa</key>
			<string>PBXBuildFile</string>
		</dict>
		<key>945B95C916D16E1A005DD328</key>
		<dict>
			<key>fileRef</key>
			<string>945B95C316D16E1A005DD328</string>
			<key>isa</key>
			<string>PBXBuildFile</string>
		</dict>
		<key>945B95CB16D16E24005DD328</key>
		<dict>
			<key>children</key>
			<array>
				<string>945B95C416D16E1A005DD328</string>
				<string>945B95C516D16E1A005DD328</string>
			</array>
			<key>isa</key>
			<string>PBXGroup</string>
			<key>name</key>
			<string>Supporting files</string>
			<key>sourceTree</key>
			<string>&lt;group&gt;</string>
		</dict>
		<key>945B95CC16D16E69005DD328</key>
		<dict>
			<key>buildConfigurationList</key>
			<string>945B95DC16D16E69005DD328</string>
			<key>buildPhases</key>
			<array>
				<string>945B95CF16D16E69005DD328</string>
				<string>945B95D416D16E69005DD328</string>
				<string>945B95D916D16E69005DD328</string>
				<string>945B95DA16D16E69005DD328</string>
				<string>945B95DB16D16E69005DD328</string>
				<string>7B5BE43383CE4E04B8BC7576</string>
			</array>
			<key>buildRules</key>
			<array/>
			<key>dependencies</key>
			<array>
				<string>945B95CD16D16E69005DD328</string>
			</array>
			<key>isa</key>
			<string>PBXNativeTarget</string>
			<key>name</key>
			<string>Functional Specs</string>
			<key>productName</key>
			<string>BindingsTests</string>
			<key>productReference</key>
			<string>945B95DF16D16E69005DD328</string>
			<key>productType</key>
			<string>com.apple.product-type.bundle</string>
		</dict>
		<key>945B95CD16D16E69005DD328</key>
		<dict>
			<key>isa</key>
			<string>PBXTargetDependency</string>
			<key>target</key>
			<string>945B956116D0F543005DD328</string>
			<key>targetProxy</key>
			<string>945B95CE16D16E69005DD328</string>
		</dict>
		<key>945B95CE16D16E69005DD328</key>
		<dict>
			<key>containerPortal</key>
			<string>945B955A16D0F543005DD328</string>
			<key>isa</key>
			<string>PBXContainerItemProxy</string>
			<key>proxyType</key>
			<string>1</string>
			<key>remoteGlobalIDString</key>
			<string>945B956116D0F543005DD328</string>
			<key>remoteInfo</key>
			<string>Bindings</string>
		</dict>
		<key>945B95CF16D16E69005DD328</key>
		<dict>
			<key>buildActionMask</key>
			<string>2147483647</string>
			<key>files</key>
			<array>
				<string>945B95D016D16E69005DD328</string>
				<string>945B95D116D16E69005DD328</string>
				<string>945B95D216D16E69005DD328</string>
				<string>945B95D316D16E69005DD328</string>
			</array>
			<key>isa</key>
			<string>PBXSourcesBuildPhase</string>
			<key>runOnlyForDeploymentPostprocessing</key>
			<string>0</string>
		</dict>
		<key>945B95D016D16E69005DD328</key>
		<dict>
			<key>fileRef</key>
			<string>945B95C016D16E1A005DD328</string>
			<key>isa</key>
			<string>PBXBuildFile</string>
		</dict>
		<key>945B95D116D16E69005DD328</key>
		<dict>
			<key>fileRef</key>
			<string>945B95C116D16E1A005DD328</string>
			<key>isa</key>
			<string>PBXBuildFile</string>
		</dict>
		<key>945B95D216D16E69005DD328</key>
		<dict>
			<key>fileRef</key>
			<string>945B95C216D16E1A005DD328</string>
			<key>isa</key>
			<string>PBXBuildFile</string>
		</dict>
		<key>945B95D316D16E69005DD328</key>
		<dict>
			<key>fileRef</key>
			<string>945B95C316D16E1A005DD328</string>
			<key>isa</key>
			<string>PBXBuildFile</string>
		</dict>
		<key>945B95D416D16E69005DD328</key>
		<dict>
			<key>buildActionMask</key>
			<string>2147483647</string>
			<key>files</key>
			<array>
				<string>945B95D516D16E69005DD328</string>
				<string>945B95D616D16E69005DD328</string>
				<string>945B95D716D16E69005DD328</string>
				<string>945B95D816D16E69005DD328</string>
				<string>97877269543F48D29CC8D3AD</string>
			</array>
			<key>isa</key>
			<string>PBXFrameworksBuildPhase</string>
			<key>runOnlyForDeploymentPostprocessing</key>
			<string>0</string>
		</dict>
		<key>945B95D516D16E69005DD328</key>
		<dict>
			<key>fileRef</key>
			<string>945B957416D0F543005DD328</string>
			<key>isa</key>
			<string>PBXBuildFile</string>
		</dict>
		<key>945B95D616D16E69005DD328</key>
		<dict>
			<key>fileRef</key>
			<string>945B956516D0F543005DD328</string>
			<key>isa</key>
			<string>PBXBuildFile</string>
		</dict>
		<key>945B95D716D16E69005DD328</key>
		<dict>
			<key>fileRef</key>
			<string>945B956216D0F543005DD328</string>
			<key>isa</key>
			<string>PBXBuildFile</string>
		</dict>
		<key>945B95D816D16E69005DD328</key>
		<dict>
			<key>fileRef</key>
			<string>13BD0572C606415381A29570</string>
			<key>isa</key>
			<string>PBXBuildFile</string>
		</dict>
		<key>945B95D916D16E69005DD328</key>
		<dict>
			<key>buildActionMask</key>
			<string>2147483647</string>
			<key>files</key>
			<array>
				<string>945B95E416D16E99005DD328</string>
			</array>
			<key>isa</key>
			<string>PBXResourcesBuildPhase</string>
			<key>runOnlyForDeploymentPostprocessing</key>
			<string>0</string>
		</dict>
		<key>945B95DA16D16E69005DD328</key>
		<dict>
			<key>buildActionMask</key>
			<string>2147483647</string>
			<key>files</key>
			<array/>
			<key>inputPaths</key>
			<array/>
			<key>isa</key>
			<string>PBXShellScriptBuildPhase</string>
			<key>outputPaths</key>
			<array/>
			<key>runOnlyForDeploymentPostprocessing</key>
			<string>0</string>
			<key>shellPath</key>
			<string>/bin/sh</string>
			<key>shellScript</key>
			<string># Run the unit tests in this test bundle.
"${SYSTEM_DEVELOPER_DIR}/Tools/RunUnitTests"
</string>
		</dict>
		<key>945B95DB16D16E69005DD328</key>
		<dict>
			<key>buildActionMask</key>
			<string>2147483647</string>
			<key>files</key>
			<array/>
			<key>inputPaths</key>
			<array/>
			<key>isa</key>
			<string>PBXShellScriptBuildPhase</string>
			<key>name</key>
			<string>Copy Pods Resources</string>
			<key>outputPaths</key>
			<array/>
			<key>runOnlyForDeploymentPostprocessing</key>
			<string>0</string>
			<key>shellPath</key>
			<string>/bin/sh</string>
			<key>shellScript</key>
			<string>"${SRCROOT}/Pods/Pods-Unit Specs-resources.sh"
</string>
		</dict>
		<key>945B95DC16D16E69005DD328</key>
		<dict>
			<key>buildConfigurations</key>
			<array>
				<string>945B95DD16D16E69005DD328</string>
				<string>945B95DE16D16E69005DD328</string>
			</array>
			<key>defaultConfigurationIsVisible</key>
			<string>0</string>
			<key>defaultConfigurationName</key>
			<string>Release</string>
			<key>isa</key>
			<string>XCConfigurationList</string>
		</dict>
		<key>945B95DD16D16E69005DD328</key>
		<dict>
			<key>baseConfigurationReference</key>
			<string>3953ABF134224B0390AF39CC</string>
			<key>buildSettings</key>
			<dict>
				<key>GCC_PRECOMPILE_PREFIX_HEADER</key>
				<string>YES</string>
				<key>GCC_PREFIX_HEADER</key>
				<string>Functional Specs/BNDSpecHelper.pch</string>
				<key>INFOPLIST_FILE</key>
				<string>Functional Specs/Functional Specs-Info.plist</string>
				<key>PRODUCT_NAME</key>
				<string>Functional Specs</string>
				<key>WRAPPER_EXTENSION</key>
				<string>octest</string>
			</dict>
			<key>isa</key>
			<string>XCBuildConfiguration</string>
			<key>name</key>
			<string>Debug</string>
		</dict>
		<key>945B95DE16D16E69005DD328</key>
		<dict>
			<key>baseConfigurationReference</key>
			<string>3953ABF134224B0390AF39CC</string>
			<key>buildSettings</key>
			<dict>
				<key>GCC_PRECOMPILE_PREFIX_HEADER</key>
				<string>YES</string>
				<key>GCC_PREFIX_HEADER</key>
				<string>Functional Specs/BNDSpecHelper.pch</string>
				<key>INFOPLIST_FILE</key>
				<string>Functional Specs/Functional Specs-Info.plist</string>
				<key>PRODUCT_NAME</key>
				<string>Functional Specs</string>
				<key>WRAPPER_EXTENSION</key>
				<string>octest</string>
			</dict>
			<key>isa</key>
			<string>XCBuildConfiguration</string>
			<key>name</key>
			<string>Release</string>
		</dict>
		<key>945B95DF16D16E69005DD328</key>
		<dict>
			<key>explicitFileType</key>
			<string>wrapper.cfbundle</string>
			<key>includeInIndex</key>
			<string>0</string>
			<key>isa</key>
			<string>PBXFileReference</string>
			<key>path</key>
			<string>Functional Specs.octest</string>
			<key>sourceTree</key>
			<string>BUILT_PRODUCTS_DIR</string>
		</dict>
		<key>945B95E116D16E99005DD328</key>
		<dict>
			<key>children</key>
			<array>
				<string>945B95E516D16E9E005DD328</string>
			</array>
			<key>isa</key>
			<string>PBXGroup</string>
			<key>path</key>
			<string>Functional Specs</string>
			<key>sourceTree</key>
			<string>&lt;group&gt;</string>
		</dict>
		<key>945B95E216D16E99005DD328</key>
		<dict>
			<key>fileEncoding</key>
			<string>4</string>
			<key>isa</key>
			<string>PBXFileReference</string>
			<key>lastKnownFileType</key>
			<string>sourcecode.c.h</string>
			<key>path</key>
			<string>BNDSpecHelper.pch</string>
			<key>sourceTree</key>
			<string>&lt;group&gt;</string>
		</dict>
		<key>945B95E316D16E99005DD328</key>
		<dict>
			<key>fileEncoding</key>
			<string>4</string>
			<key>isa</key>
			<string>PBXFileReference</string>
			<key>lastKnownFileType</key>
			<string>text.plist.xml</string>
			<key>path</key>
			<string>Functional Specs-Info.plist</string>
			<key>sourceTree</key>
			<string>&lt;group&gt;</string>
		</dict>
		<key>945B95E416D16E99005DD328</key>
		<dict>
			<key>fileRef</key>
			<string>945B95E316D16E99005DD328</string>
			<key>isa</key>
			<string>PBXBuildFile</string>
		</dict>
		<key>945B95E516D16E9E005DD328</key>
		<dict>
			<key>children</key>
			<array>
				<string>945B95E216D16E99005DD328</string>
				<string>945B95E316D16E99005DD328</string>
			</array>
			<key>isa</key>
			<string>PBXGroup</string>
			<key>name</key>
			<string>Supporting files</string>
			<key>sourceTree</key>
			<string>&lt;group&gt;</string>
		</dict>
		<key>97877269543F48D29CC8D3AD</key>
		<dict>
			<key>fileRef</key>
			<string>314664514FC241DB83E308F5</string>
			<key>isa</key>
			<string>PBXBuildFile</string>
			<key>settings</key>
			<dict/>
		</dict>
		<key>E34548DA5F2E4A179EC2AED8</key>
		<dict>
			<key>fileRef</key>
			<string>13BD0572C606415381A29570</string>
			<key>isa</key>
			<string>PBXBuildFile</string>
		</dict>
		<key>FCCB3F619DC84DA8B74BDCE0</key>
		<dict>
			<key>buildActionMask</key>
			<string>2147483647</string>
			<key>files</key>
			<array/>
			<key>inputPaths</key>
			<array/>
			<key>isa</key>
			<string>PBXShellScriptBuildPhase</string>
			<key>name</key>
			<string>Copy Pods Resources</string>
			<key>outputPaths</key>
			<array/>
			<key>runOnlyForDeploymentPostprocessing</key>
			<string>0</string>
			<key>shellPath</key>
			<string>/bin/sh</string>
			<key>shellScript</key>
			<string>"${SRCROOT}/Pods/Pods-Unit Specs-resources.sh"
</string>
		</dict>
	</dict>
	<key>rootObject</key>
	<string>945B955A16D0F543005DD328</string>
</dict>
</plist>
